
Microsoft Visual Studio Solution File, Format Version 12.00
# Visual Studio Version 17
VisualStudioVersion = 17.10.34928.147
MinimumVisualStudioVersion = 10.0.40219.1
Project("{FAE04EC0-301F-11D3-BF4B-00C04F79EFBC}") = "NominaEmpleados", "NominaEmpleados.csproj", "{1184D369-FF4D-46F7-8A68-20EB99C5780E}"
EndProject
Global
	GlobalSection(SolutionConfigurationPlatforms) = preSolution
		Debug|Any CPU = Debug|Any CPU
		Release|Any CPU = Release|Any CPU
	EndGlobalSection
	GlobalSection(ProjectConfigurationPlatforms) = postSolution
		{1184D369-FF4D-46F7-8A68-20EB99C5780E}.Debug|Any CPU.ActiveCfg = Debug|Any CPU
		{1184D369-FF4D-46F7-8A68-20EB99C5780E}.Debug|Any CPU.Build.0 = Debug|Any CPU
		{1184D369-FF4D-46F7-8A68-20EB99C5780E}.Release|Any CPU.ActiveCfg = Release|Any CPU
		{1184D369-FF4D-46F7-8A68-20EB99C5780E}.Release|Any CPU.Build.0 = Release|Any CPU
	EndGlobalSection
	GlobalSection(SolutionProperties) = preSolution
		HideSolutionNode = FALSE
	EndGlobalSection
	GlobalSection(ExtensibilityGlobals) = postSolution
		SolutionGuid = {902E7828-A71B-448B-9F64-52B9F8276EF3}
	EndGlobalSection
EndGlobal
